
Microsoft Visual Studio Solution File, Format Version 12.00
# Visual Studio 14
VisualStudioVersion = 14.0.24720.0
MinimumVisualStudioVersion = 10.0.40219.1
Project("{FAE04EC0-301F-11D3-BF4B-00C04F79EFBC}") = "Microservices.Core", "Microservices.Core\Microservices.Core.csproj", "{F9390447-01E6-4373-ADDC-A72B095CD8C5}"
EndProject
Project("{FAE04EC0-301F-11D3-BF4B-00C04F79EFBC}") = "Microservices.Products", "Microservices.Products\Microservices.Products.csproj", "{90950B03-E202-49C1-88A2-C846EB97612F}"
EndProject
Project("{FAE04EC0-301F-11D3-BF4B-00C04F79EFBC}") = "Microservices.Orders", "Microservices.Orders\Microservices.Orders.csproj", "{B7A07D3E-6501-4156-BECE-9D5A268F9745}"
EndProject
Global
	GlobalSection(SolutionConfigurationPlatforms) = preSolution
		Debug|Any CPU = Debug|Any CPU
		Release|Any CPU = Release|Any CPU
	EndGlobalSection
	GlobalSection(ProjectConfigurationPlatforms) = postSolution
		{F9390447-01E6-4373-ADDC-A72B095CD8C5}.Debug|Any CPU.ActiveCfg = Debug|Any CPU
		{F9390447-01E6-4373-ADDC-A72B095CD8C5}.Debug|Any CPU.Build.0 = Debug|Any CPU
		{F9390447-01E6-4373-ADDC-A72B095CD8C5}.Release|Any CPU.ActiveCfg = Release|Any CPU
		{F9390447-01E6-4373-ADDC-A72B095CD8C5}.Release|Any CPU.Build.0 = Release|Any CPU
		{90950B03-E202-49C1-88A2-C846EB97612F}.Debug|Any CPU.ActiveCfg = Debug|Any CPU
		{90950B03-E202-49C1-88A2-C846EB97612F}.Debug|Any CPU.Build.0 = Debug|Any CPU
		{90950B03-E202-49C1-88A2-C846EB97612F}.Release|Any CPU.ActiveCfg = Release|Any CPU
		{90950B03-E202-49C1-88A2-C846EB97612F}.Release|Any CPU.Build.0 = Release|Any CPU
		{B7A07D3E-6501-4156-BECE-9D5A268F9745}.Debug|Any CPU.ActiveCfg = Debug|Any CPU
		{B7A07D3E-6501-4156-BECE-9D5A268F9745}.Debug|Any CPU.Build.0 = Debug|Any CPU
		{B7A07D3E-6501-4156-BECE-9D5A268F9745}.Release|Any CPU.ActiveCfg = Release|Any CPU
		{B7A07D3E-6501-4156-BECE-9D5A268F9745}.Release|Any CPU.Build.0 = Release|Any CPU
	EndGlobalSection
	GlobalSection(SolutionProperties) = preSolution
		HideSolutionNode = FALSE
	EndGlobalSection
EndGlobal
